
Microsoft Visual Studio Solution File, Format Version 12.00
# Visual Studio Version 16
VisualStudioVersion = 16.0.30114.105
MinimumVisualStudioVersion = 10.0.40219.1
Project("{FAE04EC0-301F-11D3-BF4B-00C04F79EFBC}") = "DrTelegramBotTemplate.Basic", "DrTelegramBotTemplate.Basic\DrTelegramBotTemplate.Basic.csproj", "{F386D8F7-2335-4EAE-83DF-8AF2A008BF51}"
EndProject
Global
	GlobalSection(SolutionProperties) = preSolution
		HideSolutionNode = FALSE
	EndGlobalSection
	GlobalSection(SolutionConfigurationPlatforms) = preSolution
		Debug|Any CPU = Debug|Any CPU
		Debug|x64 = Debug|x64
		Debug|x86 = Debug|x86
		Release|Any CPU = Release|Any CPU
		Release|x64 = Release|x64
		Release|x86 = Release|x86
	EndGlobalSection
	GlobalSection(ProjectConfigurationPlatforms) = postSolution
		{F386D8F7-2335-4EAE-83DF-8AF2A008BF51}.Debug|Any CPU.ActiveCfg = Debug|Any CPU
		{F386D8F7-2335-4EAE-83DF-8AF2A008BF51}.Debug|Any CPU.Build.0 = Debug|Any CPU
		{F386D8F7-2335-4EAE-83DF-8AF2A008BF51}.Debug|x64.ActiveCfg = Debug|Any CPU
		{F386D8F7-2335-4EAE-83DF-8AF2A008BF51}.Debug|x64.Build.0 = Debug|Any CPU
		{F386D8F7-2335-4EAE-83DF-8AF2A008BF51}.Debug|x86.ActiveCfg = Debug|Any CPU
		{F386D8F7-2335-4EAE-83DF-8AF2A008BF51}.Debug|x86.Build.0 = Debug|Any CPU
		{F386D8F7-2335-4EAE-83DF-8AF2A008BF51}.Release|Any CPU.ActiveCfg = Release|Any CPU
		{F386D8/home/taha/projects/DrTelegramBotTemplateF7-2335-4EAE-83DF-8AF2A008BF51}.Release|Any CPU.Build.0 = Release|Any CPU
		{F386D8F/home/taha/projects/DrTelegramBotTemplate7-2335-4EAE-83DF-8AF2A008BF51}.Release|x64.ActiveCfg = Release|Any CPU
		{F386D8F7-2335-4EAE-83DF-8AF2A008BF51}.Release|x64.Build.0 = Release|Any CPU
		{F386D8F7-2335-4EAE-83DF-8AF2A008BF51}.Release|x86.ActiveCfg = Release|Any CPU
		{F386D8F7-2335-4EAE-83DF-8AF2A008BF51}.Release|x86.Build.0 = Release|Any CPU
	EndGlobalSection
EndGlobal
